<?xml version="1.0" encoding="utf-8"?>
<Project ToolsVersion="17.0" xmlns="http://schemas.microsoft.com/developer/msbuild/2003">
  <ItemGroup>
    <ClCompile Include="C:\Users\i4studio\Esp32Test\Unittests\main\custom_main.cpp">
      <Filter>Source Files</Filter>
    </ClCompile>
    <ClCompile Include="C:\Users\i4studio\Esp32Test\Unittests\main\dmx_controller_tests.cpp">
      <Filter>Source Files</Filter>
    </ClCompile>
    <ClCompile Include="C:\Users\i4studio\Esp32Test\main\Tasks\dmx_controller.cpp">
      <Filter>Source Files</Filter>
    </ClCompile>
    <ClCompile Include="C:\Users\i4studio\Esp32Test\main\Tasks\artnet_sender.cpp">
      <Filter>Source Files</Filter>
    </ClCompile>
    <ClCompile Include="C:\Users\i4studio\Esp32Test\main\Tasks\osc_sender.cpp">
      <Filter>Source Files</Filter>
    </ClCompile>
    <ClCompile Include="C:\Users\i4studio\Esp32Test\main\Tasks\seven_segment_display.cpp">
      <Filter>Source Files</Filter>
    </ClCompile>
    <ClCompile Include="C:\Users\i4studio\Esp32Test\main\Tasks\dmx_preset_changer.cpp">
      <Filter>Source Files</Filter>
    </ClCompile>
    <ClCompile Include="C:\Users\i4studio\Esp32Test\main\Tasks\foot_switch.cpp">
      <Filter>Source Files</Filter>
    </ClCompile>
    <ClCompile Include="C:\Users\i4studio\Esp32Test\main\Tasks\nvs_storage.cpp">
      <Filter>Source Files</Filter>
    </ClCompile>
    <ClCompile Include="C:\Users\i4studio\Esp32Test\main\Tasks\web_server.cpp">
      <Filter>Source Files</Filter>
    </ClCompile>
    <ClCompile Include="C:\Users\i4studio\Esp32Test\main\Tasks\max3485_sender.cpp">
      <Filter>Source Files</Filter>
    </ClCompile>
    <ClCompile Include="C:\Users\i4studio\Esp32Test\main\Base\rtos_task.cpp">
      <Filter>Source Files</Filter>
    </ClCompile>
    <ClCompile Include="C:\Users\i4studio\Esp32Test\main\Data\dmx_presets.cpp">
      <Filter>Source Files</Filter>
    </ClCompile>
    <ClCompile Include="C:\Users\i4studio\Esp32Test\main\Data\dmx_preset.cpp">
      <Filter>Source Files</Filter>
    </ClCompile>
    <ClCompile Include="C:\Users\i4studio\Esp32Test\Unittests\main\esp_idf_stubs\freertos\queue.cpp">
      <Filter>Source Files</Filter>
    </ClCompile>
    <ClCompile Include="C:\Users\i4studio\Esp32Test\Unittests\main\esp_idf_stubs\freertos\queuefail_stub.cpp">
      <Filter>Source Files</Filter>
    </ClCompile>
    <ClCompile Include="C:\Users\i4studio\Esp32Test\Unittests\main\esp_idf_stubs\freertos\task.cpp">
      <Filter>Source Files</Filter>
    </ClCompile>
  </ItemGroup>
  <ItemGroup>
    <CustomBuild Include="C:\Users\i4studio\Esp32Test\Unittests\main\CMakeLists.txt" />
  </ItemGroup>
  <ItemGroup>
    <Filter Include="Source Files">
      <UniqueIdentifier>{1CC72AA2-763F-3902-8C39-2B867EA2F09A}</UniqueIdentifier>
    </Filter>
  </ItemGroup>
</Project>
