<?xml version="1.0" encoding="utf-8"?>
<Project ToolsVersion="17.0" xmlns="http://schemas.microsoft.com/developer/msbuild/2003">
  <ItemGroup>
    <ClCompile Include="C:\Users\i4studio\Esp32Test\Esp32DmxController\Unittests\main\custom_main.cpp">
      <Filter>Source Files</Filter>
    </ClCompile>
    <ClCompile Include="C:\Users\i4studio\Esp32Test\Esp32DmxController\Unittests\main\dmx_controller_tests.cpp">
      <Filter>Source Files</Filter>
    </ClCompile>
    <ClCompile Include="C:\Users\i4studio\Esp32Test\Esp32DmxController\Unittests\main\web_server_api_tests.cpp">
      <Filter>Source Files</Filter>
    </ClCompile>
    <ClCompile Include="C:\Users\i4studio\Esp32Test\Esp32DmxController\Unittests\main\foot_switch_tests.cpp">
      <Filter>Source Files</Filter>
    </ClCompile>
    <ClCompile Include="C:\Users\i4studio\Esp32Test\Esp32DmxController\Unittests\main\seven_segment_display_tests.cpp">
      <Filter>Source Files</Filter>
    </ClCompile>
    <ClCompile Include="C:\Users\i4studio\Esp32Test\Esp32DmxController\Unittests\main\max3485_sender_tests.cpp">
      <Filter>Source Files</Filter>
    </ClCompile>
    <ClCompile Include="C:\Users\i4studio\Esp32Test\Esp32DmxController\Unittests\main\system_init_test.cpp">
      <Filter>Source Files</Filter>
    </ClCompile>
    <ClCompile Include="C:\Users\i4studio\Esp32Test\Esp32DmxController\Unittests\main\nv_storage_tests.cpp">
      <Filter>Source Files</Filter>
    </ClCompile>
    <ClCompile Include="C:\Users\i4studio\Esp32Test\Esp32DmxController\Unittests\main\configuration_tests.cpp">
      <Filter>Source Files</Filter>
    </ClCompile>
    <ClCompile Include="C:\Users\i4studio\Esp32Test\Esp32DmxController\Unittests\main\dmx_preset_tests.cpp">
      <Filter>Source Files</Filter>
    </ClCompile>
    <ClCompile Include="C:\Users\i4studio\Esp32Test\Esp32DmxController\Unittests\main\dmx_presets_tests.cpp">
      <Filter>Source Files</Filter>
    </ClCompile>
    <ClCompile Include="C:\Users\i4studio\Esp32Test\Esp32DmxController\Unittests\main\assert_tests.cpp">
      <Filter>Source Files</Filter>
    </ClCompile>
    <ClCompile Include="C:\Users\i4studio\Esp32Test\Esp32DmxController\Unittests\main\lockable_tests.cpp">
      <Filter>Source Files</Filter>
    </ClCompile>
    <ClCompile Include="C:\Users\i4studio\Esp32Test\Esp32DmxController\main\Tasks\dmx_controller.cpp">
      <Filter>Source Files</Filter>
    </ClCompile>
    <ClCompile Include="C:\Users\i4studio\Esp32Test\Esp32DmxController\main\Tasks\seven_segment_display.cpp">
      <Filter>Source Files</Filter>
    </ClCompile>
    <ClCompile Include="C:\Users\i4studio\Esp32Test\Esp32DmxController\main\Tasks\foot_switch.cpp">
      <Filter>Source Files</Filter>
    </ClCompile>
    <ClCompile Include="C:\Users\i4studio\Esp32Test\Esp32DmxController\main\Tasks\nv_storage.cpp">
      <Filter>Source Files</Filter>
    </ClCompile>
    <ClCompile Include="C:\Users\i4studio\Esp32Test\Esp32DmxController\main\Tasks\web_server.cpp">
      <Filter>Source Files</Filter>
    </ClCompile>
    <ClCompile Include="C:\Users\i4studio\Esp32Test\Esp32DmxController\main\Tasks\max3485_sender.cpp">
      <Filter>Source Files</Filter>
    </ClCompile>
    <ClCompile Include="C:\Users\i4studio\Esp32Test\Esp32DmxController\main\Base\rtos_task.cpp">
      <Filter>Source Files</Filter>
    </ClCompile>
    <ClCompile Include="C:\Users\i4studio\Esp32Test\Esp32DmxController\main\Base\assert.cpp">
      <Filter>Source Files</Filter>
    </ClCompile>
    <ClCompile Include="C:\Users\i4studio\Esp32Test\Esp32DmxController\main\Data\dmx_presets.cpp">
      <Filter>Source Files</Filter>
    </ClCompile>
    <ClCompile Include="C:\Users\i4studio\Esp32Test\Esp32DmxController\main\Data\dmx_preset.cpp">
      <Filter>Source Files</Filter>
    </ClCompile>
    <ClCompile Include="C:\Users\i4studio\Esp32Test\Esp32DmxController\main\Data\configuration.cpp">
      <Filter>Source Files</Filter>
    </ClCompile>
    <ClCompile Include="C:\Users\i4studio\Esp32Test\Esp32DmxController\Unittests\main\esp_idf_stubs\assert.cpp">
      <Filter>Source Files</Filter>
    </ClCompile>
    <ClCompile Include="C:\Users\i4studio\Esp32Test\Esp32DmxController\Unittests\main\esp_idf_stubs\freertos\queue.cpp">
      <Filter>Source Files</Filter>
    </ClCompile>
    <ClCompile Include="C:\Users\i4studio\Esp32Test\Esp32DmxController\Unittests\main\esp_idf_stubs\freertos\queuefail_stub.cpp">
      <Filter>Source Files</Filter>
    </ClCompile>
    <ClCompile Include="C:\Users\i4studio\Esp32Test\Esp32DmxController\Unittests\main\esp_idf_stubs\freertos\task.cpp">
      <Filter>Source Files</Filter>
    </ClCompile>
  </ItemGroup>
  <ItemGroup>
    <CustomBuild Include="C:\Users\i4studio\Esp32Test\Esp32DmxController\Unittests\main\CMakeLists.txt" />
  </ItemGroup>
  <ItemGroup>
    <Filter Include="Source Files">
      <UniqueIdentifier>{1A62DF15-020B-371B-89C3-9866F8480294}</UniqueIdentifier>
    </Filter>
  </ItemGroup>
</Project>
