
Microsoft Visual Studio Solution File, Format Version 12.00
# Visual Studio Version 17
Project("{8BC9CEB8-8B4A-11D0-8D11-00A0C91BC942}") = "ALL_BUILD", "ALL_BUILD.vcxproj", "{AE588D94-D20D-3AE6-A2A8-5F11D69A354D}"
	ProjectSection(ProjectDependencies) = postProject
		{A8F1B6C0-5FF7-3175-9942-185198A9B6B0} = {A8F1B6C0-5FF7-3175-9942-185198A9B6B0}
		{9BE74AEB-C73C-36A7-BFE7-D6B9894810FC} = {9BE74AEB-C73C-36A7-BFE7-D6B9894810FC}
	EndProjectSection
EndProject
Project("{8BC9CEB8-8B4A-11D0-8D11-00A0C91BC942}") = "ZERO_CHECK", "ZERO_CHECK.vcxproj", "{A8F1B6C0-5FF7-3175-9942-185198A9B6B0}"
	ProjectSection(ProjectDependencies) = postProject
	EndProjectSection
EndProject
Project("{8BC9CEB8-8B4A-11D0-8D11-00A0C91BC942}") = "coverage", "coverage.vcxproj", "{F3713F84-52D7-340F-91D2-33C979BB3E1A}"
	ProjectSection(ProjectDependencies) = postProject
		{A8F1B6C0-5FF7-3175-9942-185198A9B6B0} = {A8F1B6C0-5FF7-3175-9942-185198A9B6B0}
	EndProjectSection
EndProject
Project("{8BC9CEB8-8B4A-11D0-8D11-00A0C91BC942}") = "run_tests", "run_tests.vcxproj", "{9BE74AEB-C73C-36A7-BFE7-D6B9894810FC}"
	ProjectSection(ProjectDependencies) = postProject
		{A8F1B6C0-5FF7-3175-9942-185198A9B6B0} = {A8F1B6C0-5FF7-3175-9942-185198A9B6B0}
	EndProjectSection
EndProject
Global
	GlobalSection(SolutionConfigurationPlatforms) = preSolution
		Debug|x64 = Debug|x64
		Release|x64 = Release|x64
		MinSizeRel|x64 = MinSizeRel|x64
		RelWithDebInfo|x64 = RelWithDebInfo|x64
	EndGlobalSection
	GlobalSection(ProjectConfigurationPlatforms) = postSolution
		{AE588D94-D20D-3AE6-A2A8-5F11D69A354D}.Debug|x64.ActiveCfg = Debug|x64
		{AE588D94-D20D-3AE6-A2A8-5F11D69A354D}.Release|x64.ActiveCfg = Release|x64
		{AE588D94-D20D-3AE6-A2A8-5F11D69A354D}.MinSizeRel|x64.ActiveCfg = MinSizeRel|x64
		{AE588D94-D20D-3AE6-A2A8-5F11D69A354D}.RelWithDebInfo|x64.ActiveCfg = RelWithDebInfo|x64
		{A8F1B6C0-5FF7-3175-9942-185198A9B6B0}.Debug|x64.ActiveCfg = Debug|x64
		{A8F1B6C0-5FF7-3175-9942-185198A9B6B0}.Debug|x64.Build.0 = Debug|x64
		{A8F1B6C0-5FF7-3175-9942-185198A9B6B0}.Release|x64.ActiveCfg = Release|x64
		{A8F1B6C0-5FF7-3175-9942-185198A9B6B0}.Release|x64.Build.0 = Release|x64
		{A8F1B6C0-5FF7-3175-9942-185198A9B6B0}.MinSizeRel|x64.ActiveCfg = MinSizeRel|x64
		{A8F1B6C0-5FF7-3175-9942-185198A9B6B0}.MinSizeRel|x64.Build.0 = MinSizeRel|x64
		{A8F1B6C0-5FF7-3175-9942-185198A9B6B0}.RelWithDebInfo|x64.ActiveCfg = RelWithDebInfo|x64
		{A8F1B6C0-5FF7-3175-9942-185198A9B6B0}.RelWithDebInfo|x64.Build.0 = RelWithDebInfo|x64
		{F3713F84-52D7-340F-91D2-33C979BB3E1A}.Debug|x64.ActiveCfg = Debug|x64
		{F3713F84-52D7-340F-91D2-33C979BB3E1A}.Release|x64.ActiveCfg = Release|x64
		{F3713F84-52D7-340F-91D2-33C979BB3E1A}.MinSizeRel|x64.ActiveCfg = MinSizeRel|x64
		{F3713F84-52D7-340F-91D2-33C979BB3E1A}.RelWithDebInfo|x64.ActiveCfg = RelWithDebInfo|x64
		{9BE74AEB-C73C-36A7-BFE7-D6B9894810FC}.Debug|x64.ActiveCfg = Debug|x64
		{9BE74AEB-C73C-36A7-BFE7-D6B9894810FC}.Debug|x64.Build.0 = Debug|x64
		{9BE74AEB-C73C-36A7-BFE7-D6B9894810FC}.Release|x64.ActiveCfg = Release|x64
		{9BE74AEB-C73C-36A7-BFE7-D6B9894810FC}.Release|x64.Build.0 = Release|x64
		{9BE74AEB-C73C-36A7-BFE7-D6B9894810FC}.MinSizeRel|x64.ActiveCfg = MinSizeRel|x64
		{9BE74AEB-C73C-36A7-BFE7-D6B9894810FC}.MinSizeRel|x64.Build.0 = MinSizeRel|x64
		{9BE74AEB-C73C-36A7-BFE7-D6B9894810FC}.RelWithDebInfo|x64.ActiveCfg = RelWithDebInfo|x64
		{9BE74AEB-C73C-36A7-BFE7-D6B9894810FC}.RelWithDebInfo|x64.Build.0 = RelWithDebInfo|x64
	EndGlobalSection
	GlobalSection(ExtensibilityGlobals) = postSolution
		SolutionGuid = {31B01779-9B84-3F24-9CA6-EF8207FB1FA6}
	EndGlobalSection
	GlobalSection(ExtensibilityAddIns) = postSolution
	EndGlobalSection
EndGlobal
